{
    "version": 3,
    "terraform_version": "0.11.13",
    "serial": 9,
    "lineage": "8c7c8dca-a73a-fd2d-41b1-c06b81a6e743",
    "modules": [
        {
            "path": [
                "root"
            ],
            "outputs": {},
            "resources": {},
            "depends_on": []
        },
        {
            "path": [
                "root",
                "ec2"
            ],
            "outputs": {},
            "resources": {
                "aws_instance.web": {
                    "type": "aws_instance",
                    "depends_on": [],
                    "primary": {
                        "id": "i-04f387708670e7350",
                        "attributes": {
                            "ami": "ami-035be7bafff33b6b6",
                            "arn": "arn:aws:ec2:us-east-1:295995512732:instance/i-04f387708670e7350",
                            "associate_public_ip_address": "true",
                            "availability_zone": "us-east-1a",
                            "cpu_core_count": "1",
                            "cpu_threads_per_core": "1",
                            "credit_specification.#": "1",
                            "credit_specification.0.cpu_credits": "standard",
                            "disable_api_termination": "false",
                            "ebs_block_device.#": "0",
                            "ebs_optimized": "false",
                            "ephemeral_block_device.#": "0",
                            "get_password_data": "false",
                            "iam_instance_profile": "",
                            "id": "i-04f387708670e7350",
                            "instance_state": "running",
                            "instance_type": "t2.nano",
                            "ipv6_addresses.#": "0",
                            "key_name": "",
                            "monitoring": "false",
                            "network_interface.#": "0",
                            "password_data": "",
                            "placement_group": "",
                            "primary_network_interface_id": "eni-09fb95e6a54728a10",
                            "private_dns": "ip-172-31-23-222.ec2.internal",
                            "private_ip": "172.31.23.222",
                            "public_dns": "ec2-3-95-18-220.compute-1.amazonaws.com",
                            "public_ip": "3.95.18.220",
                            "root_block_device.#": "1",
                            "root_block_device.0.delete_on_termination": "true",
                            "root_block_device.0.iops": "100",
                            "root_block_device.0.volume_id": "vol-09536edadac83af29",
                            "root_block_device.0.volume_size": "8",
                            "root_block_device.0.volume_type": "gp2",
                            "security_groups.#": "1",
                            "security_groups.3814588639": "default",
                            "source_dest_check": "true",
                            "subnet_id": "subnet-082dc6de9c70a1982",
                            "tags.%": "1",
                            "tags.Name": "terraform",
                            "tenancy": "default",
                            "volume_tags.%": "0",
                            "vpc_security_group_ids.#": "1",
                            "vpc_security_group_ids.443269093": "sg-057bf1366b72a8b70"
                        },
                        "meta": {
                            "e2bfb730-ecaa-11e6-8f88-34363bc7c4c0": {
                                "create": 600000000000,
                                "delete": 1200000000000,
                                "update": 600000000000
                            },
                            "schema_version": "1"
                        },
                        "tainted": false
                    },
                    "deposed": [],
                    "provider": "provider.aws"
                }
            },
            "depends_on": []
        },
        {
            "path": [
                "root",
                "vpc"
            ],
            "outputs": {
                "app_sg_id": {
                    "sensitive": false,
                    "type": "string",
                    "value": "sg-07a9dd2d72ca76369"
                },
                "public_subnet_1a": {
                    "sensitive": false,
                    "type": "list",
                    "value": [
                        "subnet-05cd932f28165d003"
                    ]
                },
                "public_subnet_1b": {
                    "sensitive": false,
                    "type": "list",
                    "value": [
                        "subnet-0df4bdb5d02cf54b2"
                    ]
                },
                "vpc_id": {
                    "sensitive": false,
                    "type": "string",
                    "value": "vpc-0f50e197a96c47a81"
                }
            },
            "resources": {
                "aws_eip.vpc_eip": {
                    "type": "aws_eip",
                    "depends_on": [
                        "aws_internet_gateway.gw"
                    ],
                    "primary": {
                        "id": "eipalloc-0f61331ee582a21e1",
                        "attributes": {
                            "association_id": "",
                            "domain": "vpc",
                            "id": "eipalloc-0f61331ee582a21e1",
                            "instance": "",
                            "network_interface": "",
                            "private_ip": "",
                            "public_dns": "ec2-52-4-181-106.compute-1.amazonaws.com",
                            "public_ip": "52.4.181.106",
                            "public_ipv4_pool": "amazon",
                            "tags.%": "0",
                            "vpc": "true"
                        },
                        "meta": {
                            "e2bfb730-ecaa-11e6-8f88-34363bc7c4c0": {
                                "delete": 180000000000,
                                "read": 900000000000,
                                "update": 300000000000
                            }
                        },
                        "tainted": false
                    },
                    "deposed": [],
                    "provider": "provider.aws"
                },
                "aws_internet_gateway.gw": {
                    "type": "aws_internet_gateway",
                    "depends_on": [
                        "aws_vpc.cluster_vpc"
                    ],
                    "primary": {
                        "id": "igw-091cc3a8ec2225295",
                        "attributes": {
                            "id": "igw-091cc3a8ec2225295",
                            "owner_id": "295995512732",
                            "tags.%": "1",
                            "tags.Name": "InternetGateway",
                            "vpc_id": "vpc-0f50e197a96c47a81"
                        },
                        "meta": {},
                        "tainted": false
                    },
                    "deposed": [],
                    "provider": "provider.aws"
                },
                "aws_route.internet_access": {
                    "type": "aws_route",
                    "depends_on": [
                        "aws_internet_gateway.gw",
                        "aws_vpc.cluster_vpc"
                    ],
                    "primary": {
                        "id": "r-rtb-01dc54057b16849cb1080289494",
                        "attributes": {
                            "destination_cidr_block": "0.0.0.0/0",
                            "destination_prefix_list_id": "",
                            "egress_only_gateway_id": "",
                            "gateway_id": "igw-091cc3a8ec2225295",
                            "id": "r-rtb-01dc54057b16849cb1080289494",
                            "instance_id": "",
                            "instance_owner_id": "",
                            "nat_gateway_id": "",
                            "network_interface_id": "",
                            "origin": "CreateRoute",
                            "route_table_id": "rtb-01dc54057b16849cb",
                            "state": "active",
                            "transit_gateway_id": "",
                            "vpc_peering_connection_id": ""
                        },
                        "meta": {
                            "e2bfb730-ecaa-11e6-8f88-34363bc7c4c0": {
                                "create": 120000000000,
                                "delete": 300000000000
                            }
                        },
                        "tainted": false
                    },
                    "deposed": [],
                    "provider": "provider.aws"
                },
                "aws_route_table_association.public_subnet_us_east_1a_association": {
                    "type": "aws_route_table_association",
                    "depends_on": [
                        "aws_subnet.public_subnet_us_east_1a",
                        "aws_vpc.cluster_vpc"
                    ],
                    "primary": {
                        "id": "rtbassoc-0e71eeeb7b5d58214",
                        "attributes": {
                            "id": "rtbassoc-0e71eeeb7b5d58214",
                            "route_table_id": "rtb-01dc54057b16849cb",
                            "subnet_id": "subnet-05cd932f28165d003"
                        },
                        "meta": {},
                        "tainted": false
                    },
                    "deposed": [],
                    "provider": "provider.aws"
                },
                "aws_route_table_association.public_subnet_us_east_1b_association": {
                    "type": "aws_route_table_association",
                    "depends_on": [
                        "aws_subnet.public_subnet_us_east_1b",
                        "aws_vpc.cluster_vpc"
                    ],
                    "primary": {
                        "id": "rtbassoc-0db097f3ee3c48cd5",
                        "attributes": {
                            "id": "rtbassoc-0db097f3ee3c48cd5",
                            "route_table_id": "rtb-01dc54057b16849cb",
                            "subnet_id": "subnet-0df4bdb5d02cf54b2"
                        },
                        "meta": {},
                        "tainted": false
                    },
                    "deposed": [],
                    "provider": "provider.aws"
                },
                "aws_security_group.app_sg": {
                    "type": "aws_security_group",
                    "depends_on": [
                        "aws_vpc.cluster_vpc"
                    ],
                    "primary": {
                        "id": "sg-07a9dd2d72ca76369",
                        "attributes": {
                            "arn": "arn:aws:ec2:us-east-1:295995512732:security-group/sg-07a9dd2d72ca76369",
                            "description": "Default security group to allow inbound/outbound from the VPC",
                            "egress.#": "1",
                            "egress.753360330.cidr_blocks.#": "0",
                            "egress.753360330.description": "",
                            "egress.753360330.from_port": "0",
                            "egress.753360330.ipv6_cidr_blocks.#": "0",
                            "egress.753360330.prefix_list_ids.#": "0",
                            "egress.753360330.protocol": "-1",
                            "egress.753360330.security_groups.#": "0",
                            "egress.753360330.self": "true",
                            "egress.753360330.to_port": "0",
                            "id": "sg-07a9dd2d72ca76369",
                            "ingress.#": "4",
                            "ingress.2214680975.cidr_blocks.#": "1",
                            "ingress.2214680975.cidr_blocks.0": "0.0.0.0/0",
                            "ingress.2214680975.description": "",
                            "ingress.2214680975.from_port": "80",
                            "ingress.2214680975.ipv6_cidr_blocks.#": "0",
                            "ingress.2214680975.prefix_list_ids.#": "0",
                            "ingress.2214680975.protocol": "tcp",
                            "ingress.2214680975.security_groups.#": "0",
                            "ingress.2214680975.self": "false",
                            "ingress.2214680975.to_port": "80",
                            "ingress.2541437006.cidr_blocks.#": "1",
                            "ingress.2541437006.cidr_blocks.0": "0.0.0.0/0",
                            "ingress.2541437006.description": "",
                            "ingress.2541437006.from_port": "22",
                            "ingress.2541437006.ipv6_cidr_blocks.#": "0",
                            "ingress.2541437006.prefix_list_ids.#": "0",
                            "ingress.2541437006.protocol": "tcp",
                            "ingress.2541437006.security_groups.#": "0",
                            "ingress.2541437006.self": "false",
                            "ingress.2541437006.to_port": "22",
                            "ingress.2617001939.cidr_blocks.#": "1",
                            "ingress.2617001939.cidr_blocks.0": "0.0.0.0/0",
                            "ingress.2617001939.description": "",
                            "ingress.2617001939.from_port": "443",
                            "ingress.2617001939.ipv6_cidr_blocks.#": "0",
                            "ingress.2617001939.prefix_list_ids.#": "0",
                            "ingress.2617001939.protocol": "tcp",
                            "ingress.2617001939.security_groups.#": "0",
                            "ingress.2617001939.self": "false",
                            "ingress.2617001939.to_port": "443",
                            "ingress.753360330.cidr_blocks.#": "0",
                            "ingress.753360330.description": "",
                            "ingress.753360330.from_port": "0",
                            "ingress.753360330.ipv6_cidr_blocks.#": "0",
                            "ingress.753360330.prefix_list_ids.#": "0",
                            "ingress.753360330.protocol": "-1",
                            "ingress.753360330.security_groups.#": "0",
                            "ingress.753360330.self": "true",
                            "ingress.753360330.to_port": "0",
                            "name": "web-app-app-sg",
                            "owner_id": "295995512732",
                            "revoke_rules_on_delete": "false",
                            "tags.%": "1",
                            "tags.Environment": "web-app",
                            "vpc_id": "vpc-0f50e197a96c47a81"
                        },
                        "meta": {
                            "e2bfb730-ecaa-11e6-8f88-34363bc7c4c0": {
                                "create": 600000000000,
                                "delete": 600000000000
                            },
                            "schema_version": "1"
                        },
                        "tainted": false
                    },
                    "deposed": [],
                    "provider": "provider.aws"
                },
                "aws_subnet.public_subnet_us_east_1a": {
                    "type": "aws_subnet",
                    "depends_on": [
                        "aws_vpc.cluster_vpc"
                    ],
                    "primary": {
                        "id": "subnet-05cd932f28165d003",
                        "attributes": {
                            "arn": "arn:aws:ec2:us-east-1:295995512732:subnet/subnet-05cd932f28165d003",
                            "assign_ipv6_address_on_creation": "false",
                            "availability_zone": "us-east-1a",
                            "availability_zone_id": "use1-az4",
                            "cidr_block": "10.0.0.0/20",
                            "id": "subnet-05cd932f28165d003",
                            "ipv6_cidr_block": "",
                            "ipv6_cidr_block_association_id": "",
                            "map_public_ip_on_launch": "true",
                            "owner_id": "295995512732",
                            "tags.%": "1",
                            "tags.Name": "cluster-public-subnet-1",
                            "vpc_id": "vpc-0f50e197a96c47a81"
                        },
                        "meta": {
                            "e2bfb730-ecaa-11e6-8f88-34363bc7c4c0": {
                                "create": 600000000000,
                                "delete": 600000000000
                            },
                            "schema_version": "1"
                        },
                        "tainted": false
                    },
                    "deposed": [],
                    "provider": "provider.aws"
                },
                "aws_subnet.public_subnet_us_east_1b": {
                    "type": "aws_subnet",
                    "depends_on": [
                        "aws_vpc.cluster_vpc"
                    ],
                    "primary": {
                        "id": "subnet-0df4bdb5d02cf54b2",
                        "attributes": {
                            "arn": "arn:aws:ec2:us-east-1:295995512732:subnet/subnet-0df4bdb5d02cf54b2",
                            "assign_ipv6_address_on_creation": "false",
                            "availability_zone": "us-east-1b",
                            "availability_zone_id": "use1-az6",
                            "cidr_block": "10.0.16.0/20",
                            "id": "subnet-0df4bdb5d02cf54b2",
                            "ipv6_cidr_block": "",
                            "ipv6_cidr_block_association_id": "",
                            "map_public_ip_on_launch": "true",
                            "owner_id": "295995512732",
                            "tags.%": "1",
                            "tags.Name": "cluster-public-subnet-2",
                            "vpc_id": "vpc-0f50e197a96c47a81"
                        },
                        "meta": {
                            "e2bfb730-ecaa-11e6-8f88-34363bc7c4c0": {
                                "create": 600000000000,
                                "delete": 600000000000
                            },
                            "schema_version": "1"
                        },
                        "tainted": false
                    },
                    "deposed": [],
                    "provider": "provider.aws"
                },
                "aws_vpc.cluster_vpc": {
                    "type": "aws_vpc",
                    "depends_on": [],
                    "primary": {
                        "id": "vpc-0f50e197a96c47a81",
                        "attributes": {
                            "arn": "arn:aws:ec2:us-east-1:295995512732:vpc/vpc-0f50e197a96c47a81",
                            "assign_generated_ipv6_cidr_block": "false",
                            "cidr_block": "10.0.0.0/16",
                            "default_network_acl_id": "acl-07d4de8789b2dc398",
                            "default_route_table_id": "rtb-01dc54057b16849cb",
                            "default_security_group_id": "sg-0ea54f55568b86cc2",
                            "dhcp_options_id": "dopt-ef870b89",
                            "enable_classiclink": "false",
                            "enable_classiclink_dns_support": "false",
                            "enable_dns_hostnames": "true",
                            "enable_dns_support": "true",
                            "id": "vpc-0f50e197a96c47a81",
                            "instance_tenancy": "default",
                            "ipv6_association_id": "",
                            "ipv6_cidr_block": "",
                            "main_route_table_id": "rtb-01dc54057b16849cb",
                            "owner_id": "295995512732",
                            "tags.%": "1",
                            "tags.Name": "Cluster VPC"
                        },
                        "meta": {
                            "schema_version": "1"
                        },
                        "tainted": false
                    },
                    "deposed": [],
                    "provider": "provider.aws"
                }
            },
            "depends_on": []
        }
    ]
}
