{
    "version": 3,
    "terraform_version": "0.11.10",
    "serial": 83,
    "lineage": "5cebcbd8-4ded-af7c-54fb-f6597a288861",
    "modules": [
        {
            "path": [
                "root"
            ],
            "outputs": {},
            "resources": {},
            "depends_on": []
        },
        {
            "path": [
                "root",
                "ecs"
            ],
            "outputs": {
                "service_name": {
                    "sensitive": false,
                    "type": "string",
                    "value": "ebot7-cluster"
                }
            },
            "resources": {
                "aws_alb.app_alb": {
                    "type": "aws_alb",
                    "depends_on": [],
                    "primary": {
                        "id": "arn:aws:elasticloadbalancing:eu-central-1:461347155483:loadbalancer/app/ebot7-cluster-alb/478fb0faaa89419f",
                        "attributes": {
                            "access_logs.#": "0",
                            "arn": "arn:aws:elasticloadbalancing:eu-central-1:461347155483:loadbalancer/app/ebot7-cluster-alb/478fb0faaa89419f",
                            "arn_suffix": "app/ebot7-cluster-alb/478fb0faaa89419f",
                            "dns_name": "ebot7-cluster-alb-1052448465.eu-central-1.elb.amazonaws.com",
                            "enable_deletion_protection": "false",
                            "enable_http2": "true",
                            "id": "arn:aws:elasticloadbalancing:eu-central-1:461347155483:loadbalancer/app/ebot7-cluster-alb/478fb0faaa89419f",
                            "idle_timeout": "60",
                            "internal": "false",
                            "ip_address_type": "ipv4",
                            "load_balancer_type": "application",
                            "name": "ebot7-cluster-alb",
                            "security_groups.#": "2",
                            "security_groups.2727794796": "sg-0a9e27292d1a71272",
                            "security_groups.3396860124": "sg-0e3ce7656776e719a",
                            "subnet_mapping.#": "0",
                            "subnets.#": "2",
                            "subnets.2248556323": "subnet-03687288c4ed3962c",
                            "subnets.2742762934": "subnet-0fb715639be05324e",
                            "tags.%": "2",
                            "tags.Environment": "ebot7-cluster",
                            "tags.Name": "ebot7-cluster-alb",
                            "vpc_id": "vpc-00ff72385da39d1db",
                            "zone_id": "Z215JYRZR1TBD5"
                        },
                        "meta": {
                            "e2bfb730-ecaa-11e6-8f88-34363bc7c4c0": {
                                "create": 600000000000,
                                "delete": 600000000000,
                                "update": 600000000000
                            }
                        },
                        "tainted": false
                    },
                    "deposed": [],
                    "provider": "provider.aws"
                },
                "aws_alb_listener.web_app": {
                    "type": "aws_alb_listener",
                    "depends_on": [
                        "aws_alb.app_alb",
                        "aws_alb_target_group.api_target_group"
                    ],
                    "primary": {
                        "id": "arn:aws:elasticloadbalancing:eu-central-1:461347155483:listener/app/ebot7-cluster-alb/478fb0faaa89419f/060de54c385a313a",
                        "attributes": {
                            "arn": "arn:aws:elasticloadbalancing:eu-central-1:461347155483:listener/app/ebot7-cluster-alb/478fb0faaa89419f/060de54c385a313a",
                            "default_action.#": "1",
                            "default_action.0.authenticate_cognito.#": "0",
                            "default_action.0.authenticate_oidc.#": "0",
                            "default_action.0.fixed_response.#": "0",
                            "default_action.0.order": "1",
                            "default_action.0.redirect.#": "0",
                            "default_action.0.target_group_arn": "arn:aws:elasticloadbalancing:eu-central-1:461347155483:targetgroup/ebot7-cluster-alb-target-group/0a8808a0db5c523e",
                            "default_action.0.type": "forward",
                            "id": "arn:aws:elasticloadbalancing:eu-central-1:461347155483:listener/app/ebot7-cluster-alb/478fb0faaa89419f/060de54c385a313a",
                            "load_balancer_arn": "arn:aws:elasticloadbalancing:eu-central-1:461347155483:loadbalancer/app/ebot7-cluster-alb/478fb0faaa89419f",
                            "port": "80",
                            "protocol": "HTTP",
                            "ssl_policy": ""
                        },
                        "meta": {
                            "e2bfb730-ecaa-11e6-8f88-34363bc7c4c0": {
                                "read": 600000000000
                            }
                        },
                        "tainted": false
                    },
                    "deposed": [],
                    "provider": "provider.aws"
                },
                "aws_alb_target_group.api_target_group": {
                    "type": "aws_alb_target_group",
                    "depends_on": [
                        "aws_alb.app_alb"
                    ],
                    "primary": {
                        "id": "arn:aws:elasticloadbalancing:eu-central-1:461347155483:targetgroup/ebot7-cluster-alb-target-group/0a8808a0db5c523e",
                        "attributes": {
                            "arn": "arn:aws:elasticloadbalancing:eu-central-1:461347155483:targetgroup/ebot7-cluster-alb-target-group/0a8808a0db5c523e",
                            "arn_suffix": "targetgroup/ebot7-cluster-alb-target-group/0a8808a0db5c523e",
                            "deregistration_delay": "300",
                            "health_check.#": "1",
                            "health_check.0.healthy_threshold": "10",
                            "health_check.0.interval": "120",
                            "health_check.0.matcher": "200",
                            "health_check.0.path": "/",
                            "health_check.0.port": "80",
                            "health_check.0.protocol": "HTTP",
                            "health_check.0.timeout": "20",
                            "health_check.0.unhealthy_threshold": "10",
                            "id": "arn:aws:elasticloadbalancing:eu-central-1:461347155483:targetgroup/ebot7-cluster-alb-target-group/0a8808a0db5c523e",
                            "name": "ebot7-cluster-alb-target-group",
                            "port": "80",
                            "protocol": "HTTP",
                            "proxy_protocol_v2": "false",
                            "slow_start": "0",
                            "stickiness.#": "1",
                            "stickiness.0.cookie_duration": "86400",
                            "stickiness.0.enabled": "false",
                            "stickiness.0.type": "lb_cookie",
                            "tags.%": "0",
                            "target_type": "ip",
                            "vpc_id": "vpc-00ff72385da39d1db"
                        },
                        "meta": {},
                        "tainted": false
                    },
                    "deposed": [],
                    "provider": "provider.aws"
                },
                "aws_appautoscaling_policy.app_down": {
                    "type": "aws_appautoscaling_policy",
                    "depends_on": [
                        "aws_appautoscaling_target.app_scale_target"
                    ],
                    "primary": {
                        "id": "ebot7-cluster-scale-down",
                        "attributes": {
                            "alarms.#": "0",
                            "arn": "arn:aws:autoscaling:eu-central-1:461347155483:scalingPolicy:cd6ca357-c44a-4a18-97bf-231470c81e17:resource/ecs/service/ebot7-cluster/ebot7-cluster:policyName/ebot7-cluster-scale-down",
                            "id": "ebot7-cluster-scale-down",
                            "name": "ebot7-cluster-scale-down",
                            "policy_type": "StepScaling",
                            "resource_id": "service/ebot7-cluster/ebot7-cluster",
                            "scalable_dimension": "ecs:service:DesiredCount",
                            "service_namespace": "ecs",
                            "step_scaling_policy_configuration.#": "1",
                            "step_scaling_policy_configuration.0.adjustment_type": "ChangeInCapacity",
                            "step_scaling_policy_configuration.0.cooldown": "300",
                            "step_scaling_policy_configuration.0.metric_aggregation_type": "Average",
                            "step_scaling_policy_configuration.0.min_adjustment_magnitude": "0",
                            "step_scaling_policy_configuration.0.step_adjustment.#": "1",
                            "step_scaling_policy_configuration.0.step_adjustment.4191021090.metric_interval_lower_bound": "",
                            "step_scaling_policy_configuration.0.step_adjustment.4191021090.metric_interval_upper_bound": "0",
                            "step_scaling_policy_configuration.0.step_adjustment.4191021090.scaling_adjustment": "-1",
                            "target_tracking_scaling_policy_configuration.#": "0"
                        },
                        "meta": {},
                        "tainted": false
                    },
                    "deposed": [],
                    "provider": "provider.aws"
                },
                "aws_appautoscaling_policy.app_up": {
                    "type": "aws_appautoscaling_policy",
                    "depends_on": [
                        "aws_appautoscaling_target.app_scale_target"
                    ],
                    "primary": {
                        "id": "ebot7-cluster-app-scale-up",
                        "attributes": {
                            "alarms.#": "0",
                            "arn": "arn:aws:autoscaling:eu-central-1:461347155483:scalingPolicy:cd6ca357-c44a-4a18-97bf-231470c81e17:resource/ecs/service/ebot7-cluster/ebot7-cluster:policyName/ebot7-cluster-app-scale-up",
                            "id": "ebot7-cluster-app-scale-up",
                            "name": "ebot7-cluster-app-scale-up",
                            "policy_type": "StepScaling",
                            "resource_id": "service/ebot7-cluster/ebot7-cluster",
                            "scalable_dimension": "ecs:service:DesiredCount",
                            "service_namespace": "ecs",
                            "step_scaling_policy_configuration.#": "1",
                            "step_scaling_policy_configuration.0.adjustment_type": "ChangeInCapacity",
                            "step_scaling_policy_configuration.0.cooldown": "60",
                            "step_scaling_policy_configuration.0.metric_aggregation_type": "Average",
                            "step_scaling_policy_configuration.0.min_adjustment_magnitude": "0",
                            "step_scaling_policy_configuration.0.step_adjustment.#": "1",
                            "step_scaling_policy_configuration.0.step_adjustment.207530251.metric_interval_lower_bound": "0",
                            "step_scaling_policy_configuration.0.step_adjustment.207530251.metric_interval_upper_bound": "",
                            "step_scaling_policy_configuration.0.step_adjustment.207530251.scaling_adjustment": "1",
                            "target_tracking_scaling_policy_configuration.#": "0"
                        },
                        "meta": {},
                        "tainted": false
                    },
                    "deposed": [],
                    "provider": "provider.aws"
                },
                "aws_appautoscaling_target.app_scale_target": {
                    "type": "aws_appautoscaling_target",
                    "depends_on": [
                        "aws_ecs_cluster.cluster",
                        "aws_ecs_service.web-api"
                    ],
                    "primary": {
                        "id": "service/ebot7-cluster/ebot7-cluster",
                        "attributes": {
                            "id": "service/ebot7-cluster/ebot7-cluster",
                            "max_capacity": "1",
                            "min_capacity": "1",
                            "resource_id": "service/ebot7-cluster/ebot7-cluster",
                            "role_arn": "arn:aws:iam::461347155483:role/aws-service-role/ecs.application-autoscaling.amazonaws.com/AWSServiceRoleForApplicationAutoScaling_ECSService",
                            "scalable_dimension": "ecs:service:DesiredCount",
                            "service_namespace": "ecs"
                        },
                        "meta": {},
                        "tainted": false
                    },
                    "deposed": [],
                    "provider": "provider.aws"
                },
                "aws_cloudwatch_log_group.web-app": {
                    "type": "aws_cloudwatch_log_group",
                    "depends_on": [],
                    "primary": {
                        "id": "ebot7-cluster-logs",
                        "attributes": {
                            "arn": "arn:aws:logs:eu-central-1:461347155483:log-group:ebot7-cluster-logs:*",
                            "id": "ebot7-cluster-logs",
                            "kms_key_id": "",
                            "name": "ebot7-cluster-logs",
                            "retention_in_days": "0",
                            "tags.%": "1",
                            "tags.Application": "ebot7-cluster"
                        },
                        "meta": {},
                        "tainted": false
                    },
                    "deposed": [],
                    "provider": "provider.aws"
                },
                "aws_cloudwatch_metric_alarm.cpu_utilization_high": {
                    "type": "aws_cloudwatch_metric_alarm",
                    "depends_on": [
                        "aws_appautoscaling_policy.app_up",
                        "aws_ecs_cluster.cluster",
                        "aws_ecs_service.web-api"
                    ],
                    "primary": {
                        "id": "ebot7-cluster-CPU-Utilization-High",
                        "attributes": {
                            "actions_enabled": "true",
                            "alarm_actions.#": "1",
                            "alarm_actions.792168833": "arn:aws:autoscaling:eu-central-1:461347155483:scalingPolicy:cd6ca357-c44a-4a18-97bf-231470c81e17:resource/ecs/service/ebot7-cluster/ebot7-cluster:policyName/ebot7-cluster-app-scale-up",
                            "alarm_description": "",
                            "alarm_name": "ebot7-cluster-CPU-Utilization-High",
                            "arn": "arn:aws:cloudwatch:eu-central-1:461347155483:alarm:ebot7-cluster-CPU-Utilization-High",
                            "comparison_operator": "GreaterThanOrEqualToThreshold",
                            "datapoints_to_alarm": "0",
                            "dimensions.%": "2",
                            "dimensions.ClusterName": "ebot7-cluster",
                            "dimensions.ServiceName": "ebot7-cluster",
                            "evaluate_low_sample_count_percentiles": "",
                            "evaluation_periods": "1",
                            "extended_statistic": "",
                            "id": "ebot7-cluster-CPU-Utilization-High",
                            "insufficient_data_actions.#": "0",
                            "metric_name": "CPUUtilization",
                            "namespace": "AWS/ECS",
                            "ok_actions.#": "0",
                            "period": "60",
                            "statistic": "Average",
                            "threshold": "80",
                            "treat_missing_data": "missing",
                            "unit": ""
                        },
                        "meta": {
                            "schema_version": "1"
                        },
                        "tainted": false
                    },
                    "deposed": [],
                    "provider": "provider.aws"
                },
                "aws_cloudwatch_metric_alarm.cpu_utilization_low": {
                    "type": "aws_cloudwatch_metric_alarm",
                    "depends_on": [
                        "aws_appautoscaling_policy.app_down",
                        "aws_ecs_cluster.cluster",
                        "aws_ecs_service.web-api"
                    ],
                    "primary": {
                        "id": "ebot7-cluster-CPU-Utilization-Low",
                        "attributes": {
                            "actions_enabled": "true",
                            "alarm_actions.#": "1",
                            "alarm_actions.2351396354": "arn:aws:autoscaling:eu-central-1:461347155483:scalingPolicy:cd6ca357-c44a-4a18-97bf-231470c81e17:resource/ecs/service/ebot7-cluster/ebot7-cluster:policyName/ebot7-cluster-scale-down",
                            "alarm_description": "",
                            "alarm_name": "ebot7-cluster-CPU-Utilization-Low",
                            "arn": "arn:aws:cloudwatch:eu-central-1:461347155483:alarm:ebot7-cluster-CPU-Utilization-Low",
                            "comparison_operator": "LessThanThreshold",
                            "datapoints_to_alarm": "0",
                            "dimensions.%": "2",
                            "dimensions.ClusterName": "ebot7-cluster",
                            "dimensions.ServiceName": "ebot7-cluster",
                            "evaluate_low_sample_count_percentiles": "",
                            "evaluation_periods": "1",
                            "extended_statistic": "",
                            "id": "ebot7-cluster-CPU-Utilization-Low",
                            "insufficient_data_actions.#": "0",
                            "metric_name": "CPUUtilization",
                            "namespace": "AWS/ECS",
                            "ok_actions.#": "0",
                            "period": "60",
                            "statistic": "Average",
                            "threshold": "30",
                            "treat_missing_data": "missing",
                            "unit": ""
                        },
                        "meta": {
                            "schema_version": "1"
                        },
                        "tainted": false
                    },
                    "deposed": [],
                    "provider": "provider.aws"
                },
                "aws_ecs_cluster.cluster": {
                    "type": "aws_ecs_cluster",
                    "depends_on": [],
                    "primary": {
                        "id": "arn:aws:ecs:eu-central-1:461347155483:cluster/ebot7-cluster",
                        "attributes": {
                            "arn": "arn:aws:ecs:eu-central-1:461347155483:cluster/ebot7-cluster",
                            "id": "arn:aws:ecs:eu-central-1:461347155483:cluster/ebot7-cluster",
                            "name": "ebot7-cluster",
                            "tags.%": "0"
                        },
                        "meta": {},
                        "tainted": false
                    },
                    "deposed": [],
                    "provider": "provider.aws"
                },
                "aws_ecs_service.web-api": {
                    "type": "aws_ecs_service",
                    "depends_on": [
                        "aws_alb_target_group.api_target_group",
                        "aws_ecs_cluster.cluster",
                        "aws_ecs_task_definition.web-api",
                        "aws_iam_role_policy.ecs_service_role_policy"
                    ],
                    "primary": {
                        "id": "arn:aws:ecs:eu-central-1:461347155483:service/ebot7-cluster",
                        "attributes": {
                            "cluster": "arn:aws:ecs:eu-central-1:461347155483:cluster/ebot7-cluster",
                            "deployment_controller.#": "1",
                            "deployment_controller.0.type": "ECS",
                            "deployment_maximum_percent": "200",
                            "deployment_minimum_healthy_percent": "100",
                            "desired_count": "4",
                            "enable_ecs_managed_tags": "false",
                            "health_check_grace_period_seconds": "0",
                            "iam_role": "aws-service-role",
                            "id": "arn:aws:ecs:eu-central-1:461347155483:service/ebot7-cluster",
                            "launch_type": "FARGATE",
                            "load_balancer.#": "1",
                            "load_balancer.3209999444.container_name": "nginx",
                            "load_balancer.3209999444.container_port": "80",
                            "load_balancer.3209999444.elb_name": "",
                            "load_balancer.3209999444.target_group_arn": "arn:aws:elasticloadbalancing:eu-central-1:461347155483:targetgroup/ebot7-cluster-alb-target-group/0a8808a0db5c523e",
                            "name": "ebot7-cluster",
                            "network_configuration.#": "1",
                            "network_configuration.0.assign_public_ip": "true",
                            "network_configuration.0.security_groups.#": "3",
                            "network_configuration.0.security_groups.2727794796": "sg-0a9e27292d1a71272",
                            "network_configuration.0.security_groups.3289476239": "sg-0c0324e533561e8e9",
                            "network_configuration.0.security_groups.3396860124": "sg-0e3ce7656776e719a",
                            "network_configuration.0.subnets.#": "2",
                            "network_configuration.0.subnets.2248556323": "subnet-03687288c4ed3962c",
                            "network_configuration.0.subnets.2742762934": "subnet-0fb715639be05324e",
                            "ordered_placement_strategy.#": "0",
                            "placement_constraints.#": "0",
                            "platform_version": "LATEST",
                            "propagate_tags": "NONE",
                            "scheduling_strategy": "REPLICA",
                            "service_registries.#": "0",
                            "tags.%": "0",
                            "task_definition": "arn:aws:ecs:eu-central-1:461347155483:task-definition/ebot7-cluster_app:26"
                        },
                        "meta": {},
                        "tainted": false
                    },
                    "deposed": [],
                    "provider": "provider.aws"
                },
                "aws_ecs_task_definition.web-api": {
                    "type": "aws_ecs_task_definition",
                    "depends_on": [
                        "aws_iam_role.ecs_execution_role",
                        "data.template_file.api_task"
                    ],
                    "primary": {
                        "id": "ebot7-cluster_app",
                        "attributes": {
                            "arn": "arn:aws:ecs:eu-central-1:461347155483:task-definition/ebot7-cluster_app:26",
                            "container_definitions": "[{\"cpu\":512,\"environment\":[{\"name\":\"PORT\",\"value\":\"80\"}],\"essential\":true,\"image\":\"461347155483.dkr.ecr.eu-central-1.amazonaws.com/images:nginx\",\"logConfiguration\":{\"logDriver\":\"awslogs\",\"options\":{\"awslogs-group\":\"ebot7-cluster-logs\",\"awslogs-region\":\"eu-central-1\",\"awslogs-stream-prefix\":\"nginx\"}},\"memory\":2560,\"mountPoints\":[{\"containerPath\":\"/var/log/nginx/\",\"sourceVolume\":\"log-dir\"}],\"name\":\"nginx\",\"portMappings\":[{\"containerPort\":80,\"hostPort\":80,\"protocol\":\"tcp\"}],\"volumesFrom\":[]},{\"cpu\":512,\"environment\":[],\"essential\":true,\"image\":\"461347155483.dkr.ecr.eu-central-1.amazonaws.com/images:python_monitor\",\"logConfiguration\":{\"logDriver\":\"awslogs\",\"options\":{\"awslogs-group\":\"ebot7-cluster-logs\",\"awslogs-region\":\"eu-central-1\",\"awslogs-stream-prefix\":\"python_monitor\"}},\"memory\":1024,\"mountPoints\":[{\"containerPath\":\"/usr/log/\",\"sourceVolume\":\"log-dir\"}],\"name\":\"python_monitor\",\"portMappings\":[],\"volumesFrom\":[]},{\"cpu\":512,\"environment\":[],\"essential\":true,\"image\":\"461347155483.dkr.ecr.eu-central-1.amazonaws.com/images:python_sender\",\"logConfiguration\":{\"logDriver\":\"awslogs\",\"options\":{\"awslogs-group\":\"ebot7-cluster-logs\",\"awslogs-region\":\"eu-central-1\",\"awslogs-stream-prefix\":\"python_sender\"}},\"memory\":1024,\"mountPoints\":[],\"name\":\"python_sender\",\"portMappings\":[],\"volumesFrom\":[]},{\"cpu\":512,\"environment\":[],\"essential\":true,\"image\":\"mongo\",\"logConfiguration\":{\"logDriver\":\"awslogs\",\"options\":{\"awslogs-group\":\"ebot7-cluster-logs\",\"awslogs-region\":\"eu-central-1\",\"awslogs-stream-prefix\":\"mongodb\"}},\"memory\":1536,\"mountPoints\":[],\"name\":\"mongodb\",\"portMappings\":[{\"containerPort\":27017,\"hostPort\":27017,\"protocol\":\"tcp\"}],\"volumesFrom\":[]}]",
                            "cpu": "2048",
                            "execution_role_arn": "arn:aws:iam::461347155483:role/ebot7-cluster-ecs_task_role",
                            "family": "ebot7-cluster_app",
                            "id": "ebot7-cluster_app",
                            "memory": "6144",
                            "network_mode": "awsvpc",
                            "placement_constraints.#": "0",
                            "requires_compatibilities.#": "1",
                            "requires_compatibilities.3072437307": "FARGATE",
                            "revision": "26",
                            "tags.%": "0",
                            "task_role_arn": "arn:aws:iam::461347155483:role/ebot7-cluster-ecs_task_role",
                            "volume.#": "1",
                            "volume.3098174250.docker_volume_configuration.#": "0",
                            "volume.3098174250.host_path": "",
                            "volume.3098174250.name": "log-dir"
                        },
                        "meta": {
                            "schema_version": "1"
                        },
                        "tainted": false
                    },
                    "deposed": [],
                    "provider": "provider.aws"
                },
                "aws_iam_role.ecs_execution_role": {
                    "type": "aws_iam_role",
                    "depends_on": [],
                    "primary": {
                        "id": "ebot7-cluster-ecs_task_role",
                        "attributes": {
                            "arn": "arn:aws:iam::461347155483:role/ebot7-cluster-ecs_task_role",
                            "assume_role_policy": "{\"Version\":\"2012-10-17\",\"Statement\":[{\"Sid\":\"\",\"Effect\":\"Allow\",\"Principal\":{\"Service\":\"ecs-tasks.amazonaws.com\"},\"Action\":\"sts:AssumeRole\"}]}",
                            "create_date": "2019-02-03T17:31:05Z",
                            "description": "",
                            "force_detach_policies": "false",
                            "id": "ebot7-cluster-ecs_task_role",
                            "max_session_duration": "3600",
                            "name": "ebot7-cluster-ecs_task_role",
                            "path": "/",
                            "tags.%": "0",
                            "unique_id": "AROAIOPA3TZXKCIQR56OM"
                        },
                        "meta": {},
                        "tainted": false
                    },
                    "deposed": [],
                    "provider": "provider.aws"
                },
                "aws_iam_role.ecs_role": {
                    "type": "aws_iam_role",
                    "depends_on": [
                        "data.aws_iam_policy_document.ecs_service_role"
                    ],
                    "primary": {
                        "id": "ebot7-cluster-ecs_role",
                        "attributes": {
                            "arn": "arn:aws:iam::461347155483:role/ebot7-cluster-ecs_role",
                            "assume_role_policy": "{\"Version\":\"2012-10-17\",\"Statement\":[{\"Sid\":\"\",\"Effect\":\"Allow\",\"Principal\":{\"Service\":\"ecs.amazonaws.com\"},\"Action\":\"sts:AssumeRole\"}]}",
                            "create_date": "2019-02-03T17:31:05Z",
                            "description": "",
                            "force_detach_policies": "false",
                            "id": "ebot7-cluster-ecs_role",
                            "max_session_duration": "3600",
                            "name": "ebot7-cluster-ecs_role",
                            "path": "/",
                            "tags.%": "0",
                            "unique_id": "AROAJFXKWLQRQEGTVTKPG"
                        },
                        "meta": {},
                        "tainted": false
                    },
                    "deposed": [],
                    "provider": "provider.aws"
                },
                "aws_iam_role_policy.ecs_execution_role_policy": {
                    "type": "aws_iam_role_policy",
                    "depends_on": [
                        "aws_iam_role.ecs_execution_role"
                    ],
                    "primary": {
                        "id": "ebot7-cluster-ecs_task_role:ebot7-cluster_role_policy",
                        "attributes": {
                            "id": "ebot7-cluster-ecs_task_role:ebot7-cluster_role_policy",
                            "name": "ebot7-cluster_role_policy",
                            "policy": "{\n    \"Version\": \"2012-10-17\",\n    \"Statement\": [\n      {\n        \"Effect\": \"Allow\",\n        \"Action\": [\n          \"ecr:GetAuthorizationToken\",\n          \"ecr:BatchCheckLayerAvailability\",\n          \"ecr:GetDownloadUrlForLayer\",\n          \"ecr:BatchGetImage\",\n          \"logs:CreateLogStream\",\n          \"logs:PutLogEvents\"\n        ],\n        \"Resource\": \"*\"\n      }\n    ]\n  }",
                            "role": "ebot7-cluster-ecs_task_role"
                        },
                        "meta": {},
                        "tainted": false
                    },
                    "deposed": [],
                    "provider": "provider.aws"
                },
                "aws_iam_role_policy.ecs_service_role_policy": {
                    "type": "aws_iam_role_policy",
                    "depends_on": [
                        "aws_iam_role.ecs_role",
                        "data.aws_iam_policy_document.ecs_service_policy"
                    ],
                    "primary": {
                        "id": "ebot7-cluster-ecs_role:ebot7-cluster_role_policy",
                        "attributes": {
                            "id": "ebot7-cluster-ecs_role:ebot7-cluster_role_policy",
                            "name": "ebot7-cluster_role_policy",
                            "policy": "{\n  \"Version\": \"2012-10-17\",\n  \"Statement\": [\n    {\n      \"Sid\": \"\",\n      \"Effect\": \"Allow\",\n      \"Action\": [\n        \"elasticloadbalancing:RegisterInstancesWithLoadBalancer\",\n        \"elasticloadbalancing:Describe*\",\n        \"elasticloadbalancing:DeregisterInstancesFromLoadBalancer\",\n        \"ec2:Describe*\",\n        \"ec2:AuthorizeSecurityGroupIngress\"\n      ],\n      \"Resource\": \"*\"\n    }\n  ]\n}",
                            "role": "ebot7-cluster-ecs_role"
                        },
                        "meta": {},
                        "tainted": false
                    },
                    "deposed": [],
                    "provider": "provider.aws"
                },
                "data.aws_iam_policy_document.ecs_service_policy": {
                    "type": "aws_iam_policy_document",
                    "depends_on": [],
                    "primary": {
                        "id": "3615693260",
                        "attributes": {
                            "id": "3615693260",
                            "json": "{\n  \"Version\": \"2012-10-17\",\n  \"Statement\": [\n    {\n      \"Sid\": \"\",\n      \"Effect\": \"Allow\",\n      \"Action\": [\n        \"elasticloadbalancing:RegisterInstancesWithLoadBalancer\",\n        \"elasticloadbalancing:Describe*\",\n        \"elasticloadbalancing:DeregisterInstancesFromLoadBalancer\",\n        \"ec2:Describe*\",\n        \"ec2:AuthorizeSecurityGroupIngress\"\n      ],\n      \"Resource\": \"*\"\n    }\n  ]\n}",
                            "statement.#": "1",
                            "statement.0.actions.#": "5",
                            "statement.0.actions.2459212947": "ec2:Describe*",
                            "statement.0.actions.2464853358": "ec2:AuthorizeSecurityGroupIngress",
                            "statement.0.actions.2706807274": "elasticloadbalancing:DeregisterInstancesFromLoadBalancer",
                            "statement.0.actions.2747799858": "elasticloadbalancing:Describe*",
                            "statement.0.actions.982461153": "elasticloadbalancing:RegisterInstancesWithLoadBalancer",
                            "statement.0.condition.#": "0",
                            "statement.0.effect": "Allow",
                            "statement.0.not_actions.#": "0",
                            "statement.0.not_principals.#": "0",
                            "statement.0.not_resources.#": "0",
                            "statement.0.principals.#": "0",
                            "statement.0.resources.#": "1",
                            "statement.0.resources.2679715827": "*",
                            "statement.0.sid": "",
                            "version": "2012-10-17"
                        },
                        "meta": {},
                        "tainted": false
                    },
                    "deposed": [],
                    "provider": "provider.aws"
                },
                "data.aws_iam_policy_document.ecs_service_role": {
                    "type": "aws_iam_policy_document",
                    "depends_on": [],
                    "primary": {
                        "id": "3622649364",
                        "attributes": {
                            "id": "3622649364",
                            "json": "{\n  \"Version\": \"2012-10-17\",\n  \"Statement\": [\n    {\n      \"Sid\": \"\",\n      \"Effect\": \"Allow\",\n      \"Action\": \"sts:AssumeRole\",\n      \"Principal\": {\n        \"Service\": \"ecs.amazonaws.com\"\n      }\n    }\n  ]\n}",
                            "statement.#": "1",
                            "statement.0.actions.#": "1",
                            "statement.0.actions.2528466339": "sts:AssumeRole",
                            "statement.0.condition.#": "0",
                            "statement.0.effect": "Allow",
                            "statement.0.not_actions.#": "0",
                            "statement.0.not_principals.#": "0",
                            "statement.0.not_resources.#": "0",
                            "statement.0.principals.#": "1",
                            "statement.0.principals.1113412664.identifiers.#": "1",
                            "statement.0.principals.1113412664.identifiers.1509832800": "ecs.amazonaws.com",
                            "statement.0.principals.1113412664.type": "Service",
                            "statement.0.resources.#": "0",
                            "statement.0.sid": "",
                            "version": "2012-10-17"
                        },
                        "meta": {},
                        "tainted": false
                    },
                    "deposed": [],
                    "provider": "provider.aws"
                },
                "data.template_file.api_task": {
                    "type": "template_file",
                    "depends_on": [
                        "aws_cloudwatch_log_group.web-app"
                    ],
                    "primary": {
                        "id": "2079f1abfdbab3a96853636ac4d5ac71683fcfdf9c73b38d79f02bc4cf3b8268",
                        "attributes": {
                            "id": "2079f1abfdbab3a96853636ac4d5ac71683fcfdf9c73b38d79f02bc4cf3b8268",
                            "rendered": "[\n  {\n      \"name\": \"nginx\",\n      \"image\": \"461347155483.dkr.ecr.eu-central-1.amazonaws.com/images:nginx\",\n      \"portMappings\": [\n        {\n          \"containerPort\": 80,\n          \"hostPort\": 80\n        }\n      ],\n      \"cpu\": 512,\n      \"memory\": 2560,\n      \"networkMode\": \"awsvpc\",\n      \"essential\": true,\n      \"logConfiguration\": {\n        \"logDriver\": \"awslogs\",\n        \"options\": {\n          \"awslogs-group\": \"ebot7-cluster-logs\",\n          \"awslogs-region\": \"eu-central-1\",\n          \"awslogs-stream-prefix\": \"nginx\"\n        }\n      },\n      \"mountPoints\": [\n        {\n          \"sourceVolume\": \"log-dir\",\n          \"containerPath\": \"/var/log/nginx/\"\n        }\n      ],\n      \"environment\": [\n        {\n          \"name\" : \"PORT\",\n          \"value\": \"80\"\n        }\n      ]\n  },\n  {\n    \"name\": \"python_monitor\",\n    \"image\": \"461347155483.dkr.ecr.eu-central-1.amazonaws.com/images:python_monitor\",\n    \"cpu\": 512,\n    \"memory\": 1024,\n    \"networkMode\": \"awsvpc\",\n    \"essential\": true,\n    \"logConfiguration\": {\n      \"logDriver\": \"awslogs\",\n      \"options\": {\n        \"awslogs-group\": \"ebot7-cluster-logs\",\n        \"awslogs-region\": \"eu-central-1\",\n        \"awslogs-stream-prefix\": \"python_monitor\"\n      }\n    },\n    \"mountPoints\": [\n      {\n        \"sourceVolume\": \"log-dir\",\n        \"containerPath\": \"/usr/log/\"\n      }\n    ]\n  },\n  {\n    \"name\": \"python_sender\",\n    \"image\": \"461347155483.dkr.ecr.eu-central-1.amazonaws.com/images:python_sender\",\n    \"cpu\": 512,\n    \"memory\": 1024,\n    \"networkMode\": \"awsvpc\",\n    \"essential\": true,\n    \"logConfiguration\": {\n      \"logDriver\": \"awslogs\",\n      \"options\": {\n        \"awslogs-group\": \"ebot7-cluster-logs\",\n        \"awslogs-region\": \"eu-central-1\",\n        \"awslogs-stream-prefix\": \"python_sender\"\n      }\n    }\n  },\n  {\n    \"name\": \"mongodb\",\n    \"image\": \"mongo\",\n    \"portMappings\": [\n      {\n        \"containerPort\": 27017,\n        \"hostPort\": 27017\n      }\n    ],\n    \"cpu\": 512,\n    \"memory\": 1536,\n    \"networkMode\": \"awsvpc\",\n    \"essential\": true,\n    \"logConfiguration\": {\n      \"logDriver\": \"awslogs\",\n      \"options\": {\n        \"awslogs-group\": \"ebot7-cluster-logs\",\n        \"awslogs-region\": \"eu-central-1\",\n        \"awslogs-stream-prefix\": \"mongodb\"\n      }\n    }\n  }\n]",
                            "template": "[\n  {\n      \"name\": \"nginx\",\n      \"image\": \"461347155483.dkr.ecr.eu-central-1.amazonaws.com/images:nginx\",\n      \"portMappings\": [\n        {\n          \"containerPort\": 80,\n          \"hostPort\": 80\n        }\n      ],\n      \"cpu\": 512,\n      \"memory\": 2560,\n      \"networkMode\": \"awsvpc\",\n      \"essential\": true,\n      \"logConfiguration\": {\n        \"logDriver\": \"awslogs\",\n        \"options\": {\n          \"awslogs-group\": \"${log_group}\",\n          \"awslogs-region\": \"eu-central-1\",\n          \"awslogs-stream-prefix\": \"nginx\"\n        }\n      },\n      \"mountPoints\": [\n        {\n          \"sourceVolume\": \"log-dir\",\n          \"containerPath\": \"/var/log/nginx/\"\n        }\n      ],\n      \"environment\": [\n        {\n          \"name\" : \"PORT\",\n          \"value\": \"80\"\n        }\n      ]\n  },\n  {\n    \"name\": \"python_monitor\",\n    \"image\": \"461347155483.dkr.ecr.eu-central-1.amazonaws.com/images:python_monitor\",\n    \"cpu\": 512,\n    \"memory\": 1024,\n    \"networkMode\": \"awsvpc\",\n    \"essential\": true,\n    \"logConfiguration\": {\n      \"logDriver\": \"awslogs\",\n      \"options\": {\n        \"awslogs-group\": \"${log_group}\",\n        \"awslogs-region\": \"eu-central-1\",\n        \"awslogs-stream-prefix\": \"python_monitor\"\n      }\n    },\n    \"mountPoints\": [\n      {\n        \"sourceVolume\": \"log-dir\",\n        \"containerPath\": \"/usr/log/\"\n      }\n    ]\n  },\n  {\n    \"name\": \"python_sender\",\n    \"image\": \"461347155483.dkr.ecr.eu-central-1.amazonaws.com/images:python_sender\",\n    \"cpu\": 512,\n    \"memory\": 1024,\n    \"networkMode\": \"awsvpc\",\n    \"essential\": true,\n    \"logConfiguration\": {\n      \"logDriver\": \"awslogs\",\n      \"options\": {\n        \"awslogs-group\": \"${log_group}\",\n        \"awslogs-region\": \"eu-central-1\",\n        \"awslogs-stream-prefix\": \"python_sender\"\n      }\n    }\n  },\n  {\n    \"name\": \"mongodb\",\n    \"image\": \"mongo\",\n    \"portMappings\": [\n      {\n        \"containerPort\": 27017,\n        \"hostPort\": 27017\n      }\n    ],\n    \"cpu\": 512,\n    \"memory\": 1536,\n    \"networkMode\": \"awsvpc\",\n    \"essential\": true,\n    \"logConfiguration\": {\n      \"logDriver\": \"awslogs\",\n      \"options\": {\n        \"awslogs-group\": \"${log_group}\",\n        \"awslogs-region\": \"eu-central-1\",\n        \"awslogs-stream-prefix\": \"mongodb\"\n      }\n    }\n  }\n]",
                            "vars.%": "3",
                            "vars.desired_task_cpu": "2048",
                            "vars.desired_task_memory": "6144",
                            "vars.log_group": "ebot7-cluster-logs"
                        },
                        "meta": {},
                        "tainted": false
                    },
                    "deposed": [],
                    "provider": "provider.template"
                }
            },
            "depends_on": []
        },
        {
            "path": [
                "root",
                "vpc"
            ],
            "outputs": {
                "alb_sg_id": {
                    "sensitive": false,
                    "type": "string",
                    "value": "sg-0e3ce7656776e719a"
                },
                "app_sg_id": {
                    "sensitive": false,
                    "type": "string",
                    "value": "sg-0a9e27292d1a71272"
                },
                "ecs_sg_id": {
                    "sensitive": false,
                    "type": "string",
                    "value": "sg-0c0324e533561e8e9"
                },
                "public_subnet_1a": {
                    "sensitive": false,
                    "type": "list",
                    "value": [
                        "subnet-0fb715639be05324e"
                    ]
                },
                "public_subnet_1b": {
                    "sensitive": false,
                    "type": "list",
                    "value": [
                        "subnet-03687288c4ed3962c"
                    ]
                },
                "vpc_id": {
                    "sensitive": false,
                    "type": "string",
                    "value": "vpc-00ff72385da39d1db"
                }
            },
            "resources": {
                "aws_eip.vpc_eip": {
                    "type": "aws_eip",
                    "depends_on": [
                        "aws_internet_gateway.gw"
                    ],
                    "primary": {
                        "id": "eipalloc-0233927a5fb99f7eb",
                        "attributes": {
                            "association_id": "",
                            "domain": "vpc",
                            "id": "eipalloc-0233927a5fb99f7eb",
                            "instance": "",
                            "network_interface": "",
                            "private_ip": "",
                            "public_ip": "3.121.135.194",
                            "public_ipv4_pool": "amazon",
                            "tags.%": "0",
                            "vpc": "true"
                        },
                        "meta": {
                            "e2bfb730-ecaa-11e6-8f88-34363bc7c4c0": {
                                "delete": 180000000000,
                                "read": 900000000000,
                                "update": 300000000000
                            }
                        },
                        "tainted": false
                    },
                    "deposed": [],
                    "provider": "provider.aws"
                },
                "aws_internet_gateway.gw": {
                    "type": "aws_internet_gateway",
                    "depends_on": [
                        "aws_vpc.cluster_vpc"
                    ],
                    "primary": {
                        "id": "igw-09f2316b5c41f2fe2",
                        "attributes": {
                            "id": "igw-09f2316b5c41f2fe2",
                            "owner_id": "461347155483",
                            "tags.%": "1",
                            "tags.Name": "InternetGateway",
                            "vpc_id": "vpc-00ff72385da39d1db"
                        },
                        "meta": {},
                        "tainted": false
                    },
                    "deposed": [],
                    "provider": "provider.aws"
                },
                "aws_route.internet_access": {
                    "type": "aws_route",
                    "depends_on": [
                        "aws_internet_gateway.gw",
                        "aws_vpc.cluster_vpc"
                    ],
                    "primary": {
                        "id": "r-rtb-0994be1a8c8f1bf7a1080289494",
                        "attributes": {
                            "destination_cidr_block": "0.0.0.0/0",
                            "destination_prefix_list_id": "",
                            "egress_only_gateway_id": "",
                            "gateway_id": "igw-09f2316b5c41f2fe2",
                            "id": "r-rtb-0994be1a8c8f1bf7a1080289494",
                            "instance_id": "",
                            "instance_owner_id": "",
                            "nat_gateway_id": "",
                            "network_interface_id": "",
                            "origin": "CreateRoute",
                            "route_table_id": "rtb-0994be1a8c8f1bf7a",
                            "state": "active",
                            "transit_gateway_id": "",
                            "vpc_peering_connection_id": ""
                        },
                        "meta": {
                            "e2bfb730-ecaa-11e6-8f88-34363bc7c4c0": {
                                "create": 120000000000,
                                "delete": 300000000000
                            }
                        },
                        "tainted": false
                    },
                    "deposed": [],
                    "provider": "provider.aws"
                },
                "aws_route_table_association.public_subnet_eu_central_1a_association": {
                    "type": "aws_route_table_association",
                    "depends_on": [
                        "aws_subnet.public_subnet_eu_central_1a",
                        "aws_vpc.cluster_vpc"
                    ],
                    "primary": {
                        "id": "rtbassoc-055578af07a291fe2",
                        "attributes": {
                            "id": "rtbassoc-055578af07a291fe2",
                            "route_table_id": "rtb-0994be1a8c8f1bf7a",
                            "subnet_id": "subnet-0fb715639be05324e"
                        },
                        "meta": {},
                        "tainted": false
                    },
                    "deposed": [],
                    "provider": "provider.aws"
                },
                "aws_route_table_association.public_subnet_eu_central_1b_association": {
                    "type": "aws_route_table_association",
                    "depends_on": [
                        "aws_subnet.public_subnet_eu_central_1b",
                        "aws_vpc.cluster_vpc"
                    ],
                    "primary": {
                        "id": "rtbassoc-0bf39080e4b7ad8fe",
                        "attributes": {
                            "id": "rtbassoc-0bf39080e4b7ad8fe",
                            "route_table_id": "rtb-0994be1a8c8f1bf7a",
                            "subnet_id": "subnet-03687288c4ed3962c"
                        },
                        "meta": {},
                        "tainted": false
                    },
                    "deposed": [],
                    "provider": "provider.aws"
                },
                "aws_security_group.alb_sg": {
                    "type": "aws_security_group",
                    "depends_on": [
                        "aws_vpc.cluster_vpc"
                    ],
                    "primary": {
                        "id": "sg-0e3ce7656776e719a",
                        "attributes": {
                            "arn": "arn:aws:ec2:eu-central-1:461347155483:security-group/sg-0e3ce7656776e719a",
                            "description": "ALB Security Group",
                            "egress.#": "1",
                            "egress.482069346.cidr_blocks.#": "1",
                            "egress.482069346.cidr_blocks.0": "0.0.0.0/0",
                            "egress.482069346.description": "",
                            "egress.482069346.from_port": "0",
                            "egress.482069346.ipv6_cidr_blocks.#": "0",
                            "egress.482069346.prefix_list_ids.#": "0",
                            "egress.482069346.protocol": "-1",
                            "egress.482069346.security_groups.#": "0",
                            "egress.482069346.self": "false",
                            "egress.482069346.to_port": "0",
                            "id": "sg-0e3ce7656776e719a",
                            "ingress.#": "2",
                            "ingress.2214680975.cidr_blocks.#": "1",
                            "ingress.2214680975.cidr_blocks.0": "0.0.0.0/0",
                            "ingress.2214680975.description": "",
                            "ingress.2214680975.from_port": "80",
                            "ingress.2214680975.ipv6_cidr_blocks.#": "0",
                            "ingress.2214680975.prefix_list_ids.#": "0",
                            "ingress.2214680975.protocol": "tcp",
                            "ingress.2214680975.security_groups.#": "0",
                            "ingress.2214680975.self": "false",
                            "ingress.2214680975.to_port": "80",
                            "ingress.3068409405.cidr_blocks.#": "1",
                            "ingress.3068409405.cidr_blocks.0": "0.0.0.0/0",
                            "ingress.3068409405.description": "",
                            "ingress.3068409405.from_port": "8",
                            "ingress.3068409405.ipv6_cidr_blocks.#": "0",
                            "ingress.3068409405.prefix_list_ids.#": "0",
                            "ingress.3068409405.protocol": "icmp",
                            "ingress.3068409405.security_groups.#": "0",
                            "ingress.3068409405.self": "false",
                            "ingress.3068409405.to_port": "0",
                            "name": "ebot7-cluster-alb-sg",
                            "owner_id": "461347155483",
                            "revoke_rules_on_delete": "false",
                            "tags.%": "1",
                            "tags.Name": "ebot7-cluster-alb-sg",
                            "vpc_id": "vpc-00ff72385da39d1db"
                        },
                        "meta": {
                            "e2bfb730-ecaa-11e6-8f88-34363bc7c4c0": {
                                "create": 600000000000,
                                "delete": 600000000000
                            },
                            "schema_version": "1"
                        },
                        "tainted": false
                    },
                    "deposed": [],
                    "provider": "provider.aws"
                },
                "aws_security_group.app_sg": {
                    "type": "aws_security_group",
                    "depends_on": [
                        "aws_vpc.cluster_vpc"
                    ],
                    "primary": {
                        "id": "sg-0a9e27292d1a71272",
                        "attributes": {
                            "arn": "arn:aws:ec2:eu-central-1:461347155483:security-group/sg-0a9e27292d1a71272",
                            "description": "Default security group to allow inbound/outbound from the VPC",
                            "egress.#": "1",
                            "egress.753360330.cidr_blocks.#": "0",
                            "egress.753360330.description": "",
                            "egress.753360330.from_port": "0",
                            "egress.753360330.ipv6_cidr_blocks.#": "0",
                            "egress.753360330.prefix_list_ids.#": "0",
                            "egress.753360330.protocol": "-1",
                            "egress.753360330.security_groups.#": "0",
                            "egress.753360330.self": "true",
                            "egress.753360330.to_port": "0",
                            "id": "sg-0a9e27292d1a71272",
                            "ingress.#": "1",
                            "ingress.753360330.cidr_blocks.#": "0",
                            "ingress.753360330.description": "",
                            "ingress.753360330.from_port": "0",
                            "ingress.753360330.ipv6_cidr_blocks.#": "0",
                            "ingress.753360330.prefix_list_ids.#": "0",
                            "ingress.753360330.protocol": "-1",
                            "ingress.753360330.security_groups.#": "0",
                            "ingress.753360330.self": "true",
                            "ingress.753360330.to_port": "0",
                            "name": "ebot7-cluster-app-sg",
                            "owner_id": "461347155483",
                            "revoke_rules_on_delete": "false",
                            "tags.%": "1",
                            "tags.Environment": "ebot7-cluster",
                            "vpc_id": "vpc-00ff72385da39d1db"
                        },
                        "meta": {
                            "e2bfb730-ecaa-11e6-8f88-34363bc7c4c0": {
                                "create": 600000000000,
                                "delete": 600000000000
                            },
                            "schema_version": "1"
                        },
                        "tainted": false
                    },
                    "deposed": [],
                    "provider": "provider.aws"
                },
                "aws_security_group.ecs_sg": {
                    "type": "aws_security_group",
                    "depends_on": [
                        "aws_vpc.cluster_vpc"
                    ],
                    "primary": {
                        "id": "sg-0c0324e533561e8e9",
                        "attributes": {
                            "arn": "arn:aws:ec2:eu-central-1:461347155483:security-group/sg-0c0324e533561e8e9",
                            "description": "Allow egress from container",
                            "egress.#": "1",
                            "egress.482069346.cidr_blocks.#": "1",
                            "egress.482069346.cidr_blocks.0": "0.0.0.0/0",
                            "egress.482069346.description": "",
                            "egress.482069346.from_port": "0",
                            "egress.482069346.ipv6_cidr_blocks.#": "0",
                            "egress.482069346.prefix_list_ids.#": "0",
                            "egress.482069346.protocol": "-1",
                            "egress.482069346.security_groups.#": "0",
                            "egress.482069346.self": "false",
                            "egress.482069346.to_port": "0",
                            "id": "sg-0c0324e533561e8e9",
                            "ingress.#": "1",
                            "ingress.3068409405.cidr_blocks.#": "1",
                            "ingress.3068409405.cidr_blocks.0": "0.0.0.0/0",
                            "ingress.3068409405.description": "",
                            "ingress.3068409405.from_port": "8",
                            "ingress.3068409405.ipv6_cidr_blocks.#": "0",
                            "ingress.3068409405.prefix_list_ids.#": "0",
                            "ingress.3068409405.protocol": "icmp",
                            "ingress.3068409405.security_groups.#": "0",
                            "ingress.3068409405.self": "false",
                            "ingress.3068409405.to_port": "0",
                            "name": "ebot7-cluster-ecs-service-sg",
                            "owner_id": "461347155483",
                            "revoke_rules_on_delete": "false",
                            "tags.%": "2",
                            "tags.Environment": "ebot7-cluster",
                            "tags.Name": "ebot7-cluster-ecs-service-sg",
                            "vpc_id": "vpc-00ff72385da39d1db"
                        },
                        "meta": {
                            "e2bfb730-ecaa-11e6-8f88-34363bc7c4c0": {
                                "create": 600000000000,
                                "delete": 600000000000
                            },
                            "schema_version": "1"
                        },
                        "tainted": false
                    },
                    "deposed": [],
                    "provider": "provider.aws"
                },
                "aws_subnet.public_subnet_eu_central_1a": {
                    "type": "aws_subnet",
                    "depends_on": [
                        "aws_vpc.cluster_vpc"
                    ],
                    "primary": {
                        "id": "subnet-0fb715639be05324e",
                        "attributes": {
                            "arn": "arn:aws:ec2:eu-central-1:461347155483:subnet/subnet-0fb715639be05324e",
                            "assign_ipv6_address_on_creation": "false",
                            "availability_zone": "eu-central-1a",
                            "availability_zone_id": "euc1-az2",
                            "cidr_block": "10.0.0.0/20",
                            "id": "subnet-0fb715639be05324e",
                            "ipv6_cidr_block": "",
                            "ipv6_cidr_block_association_id": "",
                            "map_public_ip_on_launch": "true",
                            "owner_id": "461347155483",
                            "tags.%": "1",
                            "tags.Name": "cluster-public-subnet-1",
                            "vpc_id": "vpc-00ff72385da39d1db"
                        },
                        "meta": {
                            "e2bfb730-ecaa-11e6-8f88-34363bc7c4c0": {
                                "create": 600000000000,
                                "delete": 600000000000
                            },
                            "schema_version": "1"
                        },
                        "tainted": false
                    },
                    "deposed": [],
                    "provider": "provider.aws"
                },
                "aws_subnet.public_subnet_eu_central_1b": {
                    "type": "aws_subnet",
                    "depends_on": [
                        "aws_vpc.cluster_vpc"
                    ],
                    "primary": {
                        "id": "subnet-03687288c4ed3962c",
                        "attributes": {
                            "arn": "arn:aws:ec2:eu-central-1:461347155483:subnet/subnet-03687288c4ed3962c",
                            "assign_ipv6_address_on_creation": "false",
                            "availability_zone": "eu-central-1b",
                            "availability_zone_id": "euc1-az3",
                            "cidr_block": "10.0.16.0/20",
                            "id": "subnet-03687288c4ed3962c",
                            "ipv6_cidr_block": "",
                            "ipv6_cidr_block_association_id": "",
                            "map_public_ip_on_launch": "true",
                            "owner_id": "461347155483",
                            "tags.%": "1",
                            "tags.Name": "cluster-public-subnet-2",
                            "vpc_id": "vpc-00ff72385da39d1db"
                        },
                        "meta": {
                            "e2bfb730-ecaa-11e6-8f88-34363bc7c4c0": {
                                "create": 600000000000,
                                "delete": 600000000000
                            },
                            "schema_version": "1"
                        },
                        "tainted": false
                    },
                    "deposed": [],
                    "provider": "provider.aws"
                },
                "aws_vpc.cluster_vpc": {
                    "type": "aws_vpc",
                    "depends_on": [],
                    "primary": {
                        "id": "vpc-00ff72385da39d1db",
                        "attributes": {
                            "arn": "arn:aws:ec2:eu-central-1:461347155483:vpc/vpc-00ff72385da39d1db",
                            "assign_generated_ipv6_cidr_block": "false",
                            "cidr_block": "10.0.0.0/16",
                            "default_network_acl_id": "acl-0b8c4f0cec99427a8",
                            "default_route_table_id": "rtb-0994be1a8c8f1bf7a",
                            "default_security_group_id": "sg-0ae1d034a16b82ba8",
                            "dhcp_options_id": "dopt-7662fe1d",
                            "enable_dns_hostnames": "true",
                            "enable_dns_support": "true",
                            "id": "vpc-00ff72385da39d1db",
                            "instance_tenancy": "default",
                            "ipv6_association_id": "",
                            "ipv6_cidr_block": "",
                            "main_route_table_id": "rtb-0994be1a8c8f1bf7a",
                            "owner_id": "461347155483",
                            "tags.%": "1",
                            "tags.Name": "Cluster VPC"
                        },
                        "meta": {
                            "schema_version": "1"
                        },
                        "tainted": false
                    },
                    "deposed": [],
                    "provider": "provider.aws"
                }
            },
            "depends_on": []
        }
    ]
}
