{
    "version": 3,
    "terraform_version": "0.11.10",
    "serial": 48,
    "lineage": "0465f1cd-814d-3702-6987-2dec44306d65",
    "modules": [
        {
            "path": [
                "root"
            ],
            "outputs": {
                "instance_ip": {
                    "sensitive": false,
                    "type": "string",
                    "value": "34.205.93.162"
                },
                "rds_endpoint": {
                    "sensitive": false,
                    "type": "string",
                    "value": "mediawiki.ctvhdy9vaiz1.us-east-1.rds.amazonaws.com:3306"
                },
                "this_db_instance_address": {
                    "sensitive": false,
                    "type": "string",
                    "value": ""
                },
                "this_db_instance_arn": {
                    "sensitive": false,
                    "type": "string",
                    "value": ""
                },
                "this_db_instance_availability_zone": {
                    "sensitive": false,
                    "type": "string",
                    "value": ""
                },
                "this_db_instance_endpoint": {
                    "sensitive": false,
                    "type": "string",
                    "value": ""
                },
                "this_db_instance_hosted_zone_id": {
                    "sensitive": false,
                    "type": "string",
                    "value": ""
                },
                "this_db_instance_id": {
                    "sensitive": false,
                    "type": "string",
                    "value": ""
                },
                "this_db_instance_name": {
                    "sensitive": false,
                    "type": "string",
                    "value": ""
                },
                "this_db_instance_password": {
                    "sensitive": false,
                    "type": "string",
                    "value": ""
                },
                "this_db_instance_port": {
                    "sensitive": false,
                    "type": "string",
                    "value": ""
                },
                "this_db_instance_resource_id": {
                    "sensitive": false,
                    "type": "string",
                    "value": ""
                },
                "this_db_instance_status": {
                    "sensitive": false,
                    "type": "string",
                    "value": ""
                },
                "this_db_instance_username": {
                    "sensitive": false,
                    "type": "string",
                    "value": ""
                }
            },
            "resources": {
                "aws_db_instance.default": {
                    "type": "aws_db_instance",
                    "depends_on": [],
                    "primary": {
                        "id": "mediawiki",
                        "attributes": {
                            "address": "mediawiki.ctvhdy9vaiz1.us-east-1.rds.amazonaws.com",
                            "allocated_storage": "10",
                            "arn": "arn:aws:rds:us-east-1:295995512732:db:mediawiki",
                            "auto_minor_version_upgrade": "true",
                            "availability_zone": "us-east-1f",
                            "backup_retention_period": "0",
                            "backup_window": "09:26-09:56",
                            "ca_cert_identifier": "rds-ca-2015",
                            "copy_tags_to_snapshot": "false",
                            "db_subnet_group_name": "default",
                            "deletion_protection": "false",
                            "domain": "",
                            "domain_iam_role_name": "",
                            "enabled_cloudwatch_logs_exports.#": "0",
                            "endpoint": "mediawiki.ctvhdy9vaiz1.us-east-1.rds.amazonaws.com:3306",
                            "engine": "mysql",
                            "engine_version": "5.7.23",
                            "hosted_zone_id": "Z2R2ITUGPM61AM",
                            "iam_database_authentication_enabled": "false",
                            "id": "mediawiki",
                            "identifier": "mediawiki",
                            "instance_class": "db.t2.micro",
                            "iops": "0",
                            "kms_key_id": "",
                            "license_model": "general-public-license",
                            "maintenance_window": "fri:03:17-fri:03:47",
                            "monitoring_interval": "0",
                            "multi_az": "false",
                            "name": "my_wiki",
                            "option_group_name": "default:mysql-5-7",
                            "parameter_group_name": "default.mysql5.7",
                            "password": "vanhackchallenge",
                            "port": "3306",
                            "publicly_accessible": "false",
                            "replicas.#": "0",
                            "replicate_source_db": "",
                            "resource_id": "db-JHCIUZVD2M6XQSUKRFMN6X6WFM",
                            "security_group_names.#": "0",
                            "skip_final_snapshot": "true",
                            "status": "available",
                            "storage_encrypted": "false",
                            "storage_type": "gp2",
                            "tags.%": "0",
                            "timezone": "",
                            "username": "root",
                            "vpc_security_group_ids.#": "1",
                            "vpc_security_group_ids.443269093": "sg-057bf1366b72a8b70"
                        },
                        "meta": {
                            "e2bfb730-ecaa-11e6-8f88-34363bc7c4c0": {
                                "create": 2400000000000,
                                "delete": 2400000000000,
                                "update": 4800000000000
                            }
                        },
                        "tainted": false
                    },
                    "deposed": [],
                    "provider": "provider.aws"
                },
                "aws_instance.web": {
                    "type": "aws_instance",
                    "depends_on": [],
                    "primary": {
                        "id": "i-0eb604681a2fe11d5",
                        "attributes": {
                            "ami": "ami-035be7bafff33b6b6",
                            "arn": "arn:aws:ec2:us-east-1:295995512732:instance/i-0eb604681a2fe11d5",
                            "associate_public_ip_address": "true",
                            "availability_zone": "us-east-1c",
                            "cpu_core_count": "1",
                            "cpu_threads_per_core": "1",
                            "credit_specification.#": "1",
                            "credit_specification.0.cpu_credits": "standard",
                            "disable_api_termination": "false",
                            "ebs_block_device.#": "0",
                            "ebs_optimized": "false",
                            "ephemeral_block_device.#": "0",
                            "get_password_data": "false",
                            "iam_instance_profile": "",
                            "id": "i-0eb604681a2fe11d5",
                            "instance_state": "running",
                            "instance_type": "t2.nano",
                            "ipv6_addresses.#": "0",
                            "key_name": "terraform-vanhack",
                            "monitoring": "false",
                            "network_interface.#": "0",
                            "network_interface_id": "eni-0741a60baf4abefb9",
                            "password_data": "",
                            "placement_group": "",
                            "primary_network_interface_id": "eni-0741a60baf4abefb9",
                            "private_dns": "ip-172-31-0-20.ec2.internal",
                            "private_ip": "172.31.0.20",
                            "public_dns": "ec2-34-205-93-162.compute-1.amazonaws.com",
                            "public_ip": "34.205.93.162",
                            "root_block_device.#": "1",
                            "root_block_device.0.delete_on_termination": "true",
                            "root_block_device.0.iops": "100",
                            "root_block_device.0.volume_id": "vol-0289a5009b39d17ad",
                            "root_block_device.0.volume_size": "8",
                            "root_block_device.0.volume_type": "gp2",
                            "security_groups.#": "1",
                            "security_groups.3814588639": "default",
                            "source_dest_check": "true",
                            "subnet_id": "subnet-0136acb8ef5def556",
                            "tags.%": "1",
                            "tags.Name": "terraform",
                            "tenancy": "default",
                            "volume_tags.%": "0",
                            "vpc_security_group_ids.#": "1",
                            "vpc_security_group_ids.443269093": "sg-057bf1366b72a8b70"
                        },
                        "meta": {
                            "e2bfb730-ecaa-11e6-8f88-34363bc7c4c0": {
                                "create": 600000000000,
                                "delete": 1200000000000,
                                "update": 600000000000
                            },
                            "schema_version": "1"
                        },
                        "tainted": false
                    },
                    "deposed": [],
                    "provider": "provider.aws"
                }
            },
            "depends_on": []
        }
    ]
}
